
Microsoft Visual Studio Solution File, Format Version 12.00
# Visual Studio 15
Project("{FAE04EC0-301F-11D3-BF4B-00C04F79EFBC}") = "MaxSdk.Scripts", "MaxSdk.Scripts.csproj", "{A5E61B52-CBE7-6A2B-7249-13BC47FE2BE7}"
EndProject
Project("{FAE04EC0-301F-11D3-BF4B-00C04F79EFBC}") = "AppsFlyer", "AppsFlyer.csproj", "{9D51E845-6851-ADEC-14AC-0E0296AEBB89}"
EndProject
Project("{FAE04EC0-301F-11D3-BF4B-00C04F79EFBC}") = "Assembly-CSharp", "Assembly-CSharp.csproj", "{46DC3DC0-F222-C313-F4CD-24D99826FDB2}"
EndProject
Project("{FAE04EC0-301F-11D3-BF4B-00C04F79EFBC}") = "Assembly-CSharp-firstpass", "Assembly-CSharp-firstpass.csproj", "{DBAAEE84-84D6-8FF9-4C2D-678253239DE5}"
EndProject
Project("{FAE04EC0-301F-11D3-BF4B-00C04F79EFBC}") = "Tests", "Tests.csproj", "{89B8B0D8-1307-CF02-AC6B-2161BC811EEF}"
EndProject
Project("{FAE04EC0-301F-11D3-BF4B-00C04F79EFBC}") = "MaxSdk.Scripts.IntegrationManager.Editor", "MaxSdk.Scripts.IntegrationManager.Editor.csproj", "{341F1588-BD8D-7192-5598-67D292DFF89C}"
EndProject
Project("{FAE04EC0-301F-11D3-BF4B-00C04F79EFBC}") = "Assembly-CSharp-Editor", "Assembly-CSharp-Editor.csproj", "{169E2D6F-D7FC-834E-72B6-F80806D63DCF}"
EndProject
Project("{FAE04EC0-301F-11D3-BF4B-00C04F79EFBC}") = "AppsFlyer.Editor", "AppsFlyer.Editor.csproj", "{C86D97A3-9A23-AD00-E164-84D0993BEB78}"
EndProject
Global
	GlobalSection(SolutionConfigurationPlatforms) = preSolution
		Debug|Any CPU = Debug|Any CPU
		Release|Any CPU = Release|Any CPU
	EndGlobalSection
	GlobalSection(ProjectConfigurationPlatforms) = postSolution
		{A5E61B52-CBE7-6A2B-7249-13BC47FE2BE7}.Debug|Any CPU.ActiveCfg = Debug|Any CPU
		{A5E61B52-CBE7-6A2B-7249-13BC47FE2BE7}.Debug|Any CPU.Build.0 = Debug|Any CPU
		{A5E61B52-CBE7-6A2B-7249-13BC47FE2BE7}.Release|Any CPU.ActiveCfg = Release|Any CPU
		{A5E61B52-CBE7-6A2B-7249-13BC47FE2BE7}.Release|Any CPU.Build.0 = Release|Any CPU
		{9D51E845-6851-ADEC-14AC-0E0296AEBB89}.Debug|Any CPU.ActiveCfg = Debug|Any CPU
		{9D51E845-6851-ADEC-14AC-0E0296AEBB89}.Debug|Any CPU.Build.0 = Debug|Any CPU
		{9D51E845-6851-ADEC-14AC-0E0296AEBB89}.Release|Any CPU.ActiveCfg = Release|Any CPU
		{9D51E845-6851-ADEC-14AC-0E0296AEBB89}.Release|Any CPU.Build.0 = Release|Any CPU
		{46DC3DC0-F222-C313-F4CD-24D99826FDB2}.Debug|Any CPU.ActiveCfg = Debug|Any CPU
		{46DC3DC0-F222-C313-F4CD-24D99826FDB2}.Debug|Any CPU.Build.0 = Debug|Any CPU
		{46DC3DC0-F222-C313-F4CD-24D99826FDB2}.Release|Any CPU.ActiveCfg = Release|Any CPU
		{46DC3DC0-F222-C313-F4CD-24D99826FDB2}.Release|Any CPU.Build.0 = Release|Any CPU
		{DBAAEE84-84D6-8FF9-4C2D-678253239DE5}.Debug|Any CPU.ActiveCfg = Debug|Any CPU
		{DBAAEE84-84D6-8FF9-4C2D-678253239DE5}.Debug|Any CPU.Build.0 = Debug|Any CPU
		{DBAAEE84-84D6-8FF9-4C2D-678253239DE5}.Release|Any CPU.ActiveCfg = Release|Any CPU
		{DBAAEE84-84D6-8FF9-4C2D-678253239DE5}.Release|Any CPU.Build.0 = Release|Any CPU
		{89B8B0D8-1307-CF02-AC6B-2161BC811EEF}.Debug|Any CPU.ActiveCfg = Debug|Any CPU
		{89B8B0D8-1307-CF02-AC6B-2161BC811EEF}.Debug|Any CPU.Build.0 = Debug|Any CPU
		{89B8B0D8-1307-CF02-AC6B-2161BC811EEF}.Release|Any CPU.ActiveCfg = Release|Any CPU
		{89B8B0D8-1307-CF02-AC6B-2161BC811EEF}.Release|Any CPU.Build.0 = Release|Any CPU
		{341F1588-BD8D-7192-5598-67D292DFF89C}.Debug|Any CPU.ActiveCfg = Debug|Any CPU
		{341F1588-BD8D-7192-5598-67D292DFF89C}.Debug|Any CPU.Build.0 = Debug|Any CPU
		{341F1588-BD8D-7192-5598-67D292DFF89C}.Release|Any CPU.ActiveCfg = Release|Any CPU
		{341F1588-BD8D-7192-5598-67D292DFF89C}.Release|Any CPU.Build.0 = Release|Any CPU
		{169E2D6F-D7FC-834E-72B6-F80806D63DCF}.Debug|Any CPU.ActiveCfg = Debug|Any CPU
		{169E2D6F-D7FC-834E-72B6-F80806D63DCF}.Debug|Any CPU.Build.0 = Debug|Any CPU
		{169E2D6F-D7FC-834E-72B6-F80806D63DCF}.Release|Any CPU.ActiveCfg = Release|Any CPU
		{169E2D6F-D7FC-834E-72B6-F80806D63DCF}.Release|Any CPU.Build.0 = Release|Any CPU
		{C86D97A3-9A23-AD00-E164-84D0993BEB78}.Debug|Any CPU.ActiveCfg = Debug|Any CPU
		{C86D97A3-9A23-AD00-E164-84D0993BEB78}.Debug|Any CPU.Build.0 = Debug|Any CPU
		{C86D97A3-9A23-AD00-E164-84D0993BEB78}.Release|Any CPU.ActiveCfg = Release|Any CPU
		{C86D97A3-9A23-AD00-E164-84D0993BEB78}.Release|Any CPU.Build.0 = Release|Any CPU
	EndGlobalSection
	GlobalSection(SolutionProperties) = preSolution
		HideSolutionNode = FALSE
	EndGlobalSection
EndGlobal
