
Microsoft Visual Studio Solution File, Format Version 11.00
# Visual Studio 2010
Project("{FAE04EC0-301F-11D3-BF4B-00C04F79EFBC}") = "Assembly-CSharp", "Assembly-CSharp.csproj", "{c03ddc46-22f2-13c3-f4cd-24d99826fdb2}"
EndProject
Project("{FAE04EC0-301F-11D3-BF4B-00C04F79EFBC}") = "Assembly-CSharp-firstpass", "Assembly-CSharp-firstpass.csproj", "{84eeaadb-d684-f98f-4c2d-678253239de5}"
EndProject
Project("{FAE04EC0-301F-11D3-BF4B-00C04F79EFBC}") = "Assembly-CSharp-Editor", "Assembly-CSharp-Editor.csproj", "{6f2d9e16-fcd7-4e83-72b6-f80806d63dcf}"
EndProject
Global
	GlobalSection(SolutionConfigurationPlatforms) = preSolution
		Debug|Any CPU = Debug|Any CPU
	EndGlobalSection
	GlobalSection(ProjectConfigurationPlatforms) = postSolution
		{c03ddc46-22f2-13c3-f4cd-24d99826fdb2}.Debug|Any CPU.ActiveCfg = Debug|Any CPU
		{c03ddc46-22f2-13c3-f4cd-24d99826fdb2}.Debug|Any CPU.Build.0 = Debug|Any CPU
		{84eeaadb-d684-f98f-4c2d-678253239de5}.Debug|Any CPU.ActiveCfg = Debug|Any CPU
		{84eeaadb-d684-f98f-4c2d-678253239de5}.Debug|Any CPU.Build.0 = Debug|Any CPU
		{6f2d9e16-fcd7-4e83-72b6-f80806d63dcf}.Debug|Any CPU.ActiveCfg = Debug|Any CPU
		{6f2d9e16-fcd7-4e83-72b6-f80806d63dcf}.Debug|Any CPU.Build.0 = Debug|Any CPU
	EndGlobalSection
	GlobalSection(SolutionProperties) = preSolution
		HideSolutionNode = FALSE
	EndGlobalSection
EndGlobal
